
Microsoft Visual Studio Solution File, Format Version 12.00
# Visual Studio Version 16
VisualStudioVersion = 16.0.29609.76
MinimumVisualStudioVersion = 10.0.40219.1
Project("{2150E333-8FDC-42A3-9474-1A3956D46DE8}") = "Solution Items", "Solution Items", "{2D172FAA-2799-4F93-B774-3BA6C1BECA6D}"
	ProjectSection(SolutionItems) = preProject
		.gitignore = .gitignore
		appveyor.yml = appveyor.yml
		Common\CentralPackages.props = Common\CentralPackages.props
		nuget.config = nuget.config
		RepositoryInfo.xml = RepositoryInfo.xml
		Common\Shared.props = Common\Shared.props
	EndProjectSection
EndProject
Project("{9A19103F-16F7-4668-BE54-9A1E7A4F7556}") = "CK.Testing", "CK.Testing\CK.Testing.csproj", "{5322EE2D-9B8F-4441-8484-0105B76BA413}"
EndProject
Project("{9A19103F-16F7-4668-BE54-9A1E7A4F7556}") = "CK.Testing.Monitoring", "CK.Testing.Monitoring\CK.Testing.Monitoring.csproj", "{5A1AE90E-6954-433A-8A16-85F13988D796}"
EndProject
Project("{2150E333-8FDC-42A3-9474-1A3956D46DE8}") = "Tests", "Tests", "{B0EF1BB2-0757-430D-8EC6-16794B8E51CF}"
EndProject
Project("{9A19103F-16F7-4668-BE54-9A1E7A4F7556}") = "CodeCakeBuilder", "CodeCakeBuilder\CodeCakeBuilder.csproj", "{C495D3DF-2E63-466B-9886-DE8A3EFBD584}"
EndProject
Project("{9A19103F-16F7-4668-BE54-9A1E7A4F7556}") = "CK.Testing.SqlServer", "CK.Testing.SqlServer\CK.Testing.SqlServer.csproj", "{794C9DAA-1B0A-404A-90D1-10D445E245F4}"
EndProject
Project("{9A19103F-16F7-4668-BE54-9A1E7A4F7556}") = "CK.Testing.Stupid", "Tests\CK.Testing.Stupid\CK.Testing.Stupid.csproj", "{EAB2F1D8-211B-4A61-9E01-5E01A2A1CF29}"
EndProject
Project("{9A19103F-16F7-4668-BE54-9A1E7A4F7556}") = "CK.Testing.Tests", "Tests\CK.Testing.Tests\CK.Testing.Tests.csproj", "{61209182-0883-4B39-A5E5-E66D07F05E3C}"
EndProject
Project("{9A19103F-16F7-4668-BE54-9A1E7A4F7556}") = "LogToTextAndBinFile.Tests", "Tests\LogToTextAndBinFile.Tests\LogToTextAndBinFile.Tests.csproj", "{F301CB64-88A3-4F6D-A22B-6503FD6EDF5E}"
EndProject
Project("{9A19103F-16F7-4668-BE54-9A1E7A4F7556}") = "SqlHelper.Tests", "Tests\SqlHelper.Tests\SqlHelper.Tests.csproj", "{B9F0D13A-B97F-4C94-80DF-A674DCAEB16E}"
EndProject
Global
	GlobalSection(SolutionConfigurationPlatforms) = preSolution
		Debug|Any CPU = Debug|Any CPU
		Release|Any CPU = Release|Any CPU
	EndGlobalSection
	GlobalSection(ProjectConfigurationPlatforms) = postSolution
		{5322EE2D-9B8F-4441-8484-0105B76BA413}.Debug|Any CPU.ActiveCfg = Debug|Any CPU
		{5322EE2D-9B8F-4441-8484-0105B76BA413}.Debug|Any CPU.Build.0 = Debug|Any CPU
		{5322EE2D-9B8F-4441-8484-0105B76BA413}.Release|Any CPU.ActiveCfg = Release|Any CPU
		{5322EE2D-9B8F-4441-8484-0105B76BA413}.Release|Any CPU.Build.0 = Release|Any CPU
		{5A1AE90E-6954-433A-8A16-85F13988D796}.Debug|Any CPU.ActiveCfg = Debug|Any CPU
		{5A1AE90E-6954-433A-8A16-85F13988D796}.Debug|Any CPU.Build.0 = Debug|Any CPU
		{5A1AE90E-6954-433A-8A16-85F13988D796}.Release|Any CPU.ActiveCfg = Release|Any CPU
		{5A1AE90E-6954-433A-8A16-85F13988D796}.Release|Any CPU.Build.0 = Release|Any CPU
		{C495D3DF-2E63-466B-9886-DE8A3EFBD584}.Debug|Any CPU.ActiveCfg = Debug|Any CPU
		{C495D3DF-2E63-466B-9886-DE8A3EFBD584}.Debug|Any CPU.Build.0 = Debug|Any CPU
		{C495D3DF-2E63-466B-9886-DE8A3EFBD584}.Release|Any CPU.ActiveCfg = Release|Any CPU
		{C495D3DF-2E63-466B-9886-DE8A3EFBD584}.Release|Any CPU.Build.0 = Release|Any CPU
		{794C9DAA-1B0A-404A-90D1-10D445E245F4}.Debug|Any CPU.ActiveCfg = Debug|Any CPU
		{794C9DAA-1B0A-404A-90D1-10D445E245F4}.Debug|Any CPU.Build.0 = Debug|Any CPU
		{794C9DAA-1B0A-404A-90D1-10D445E245F4}.Release|Any CPU.ActiveCfg = Release|Any CPU
		{794C9DAA-1B0A-404A-90D1-10D445E245F4}.Release|Any CPU.Build.0 = Release|Any CPU
		{EAB2F1D8-211B-4A61-9E01-5E01A2A1CF29}.Debug|Any CPU.ActiveCfg = Debug|Any CPU
		{EAB2F1D8-211B-4A61-9E01-5E01A2A1CF29}.Debug|Any CPU.Build.0 = Debug|Any CPU
		{EAB2F1D8-211B-4A61-9E01-5E01A2A1CF29}.Release|Any CPU.ActiveCfg = Release|Any CPU
		{EAB2F1D8-211B-4A61-9E01-5E01A2A1CF29}.Release|Any CPU.Build.0 = Release|Any CPU
		{61209182-0883-4B39-A5E5-E66D07F05E3C}.Debug|Any CPU.ActiveCfg = Debug|Any CPU
		{61209182-0883-4B39-A5E5-E66D07F05E3C}.Debug|Any CPU.Build.0 = Debug|Any CPU
		{61209182-0883-4B39-A5E5-E66D07F05E3C}.Release|Any CPU.ActiveCfg = Release|Any CPU
		{61209182-0883-4B39-A5E5-E66D07F05E3C}.Release|Any CPU.Build.0 = Release|Any CPU
		{F301CB64-88A3-4F6D-A22B-6503FD6EDF5E}.Debug|Any CPU.ActiveCfg = Debug|Any CPU
		{F301CB64-88A3-4F6D-A22B-6503FD6EDF5E}.Debug|Any CPU.Build.0 = Debug|Any CPU
		{F301CB64-88A3-4F6D-A22B-6503FD6EDF5E}.Release|Any CPU.ActiveCfg = Release|Any CPU
		{F301CB64-88A3-4F6D-A22B-6503FD6EDF5E}.Release|Any CPU.Build.0 = Release|Any CPU
		{B9F0D13A-B97F-4C94-80DF-A674DCAEB16E}.Debug|Any CPU.ActiveCfg = Debug|Any CPU
		{B9F0D13A-B97F-4C94-80DF-A674DCAEB16E}.Debug|Any CPU.Build.0 = Debug|Any CPU
		{B9F0D13A-B97F-4C94-80DF-A674DCAEB16E}.Release|Any CPU.ActiveCfg = Release|Any CPU
		{B9F0D13A-B97F-4C94-80DF-A674DCAEB16E}.Release|Any CPU.Build.0 = Release|Any CPU
	EndGlobalSection
	GlobalSection(SolutionProperties) = preSolution
		HideSolutionNode = FALSE
	EndGlobalSection
	GlobalSection(NestedProjects) = preSolution
		{EAB2F1D8-211B-4A61-9E01-5E01A2A1CF29} = {B0EF1BB2-0757-430D-8EC6-16794B8E51CF}
		{61209182-0883-4B39-A5E5-E66D07F05E3C} = {B0EF1BB2-0757-430D-8EC6-16794B8E51CF}
		{F301CB64-88A3-4F6D-A22B-6503FD6EDF5E} = {B0EF1BB2-0757-430D-8EC6-16794B8E51CF}
		{B9F0D13A-B97F-4C94-80DF-A674DCAEB16E} = {B0EF1BB2-0757-430D-8EC6-16794B8E51CF}
	EndGlobalSection
	GlobalSection(ExtensibilityGlobals) = postSolution
		SolutionGuid = {511EC9F9-E6B1-47F4-A20B-5DEE9BF9418A}
	EndGlobalSection
EndGlobal
